
Microsoft Visual Studio Solution File, Format Version 12.00
# Visual Studio Version 18
VisualStudioVersion = 18.1.11312.151
MinimumVisualStudioVersion = 10.0.40219.1
Project("{FAE04EC0-301F-11D3-BF4B-00C04F79EFBC}") = "PottMaster", "PottMaster\PottMaster.csproj", "{325792DB-CB7A-4545-92A3-D2237A882248}"
EndProject
Project("{FAE04EC0-301F-11D3-BF4B-00C04F79EFBC}") = "PottMaster.test", "PottMaster.test\PottMaster.test.csproj", "{CDD9A522-67E1-4D25-A337-000986F4D81B}"
EndProject
Project("{FAE04EC0-301F-11D3-BF4B-00C04F79EFBC}") = "PottMasterLib", "PottMasterLib\PottMasterLib.csproj", "{9A2AC36E-A8AA-49C1-AABE-579FBE383E50}"
EndProject
Global
	GlobalSection(SolutionConfigurationPlatforms) = preSolution
		Debug|Any CPU = Debug|Any CPU
		Debug-Remote|Any CPU = Debug-Remote|Any CPU
		Release|Any CPU = Release|Any CPU
	EndGlobalSection
	GlobalSection(ProjectConfigurationPlatforms) = postSolution
		{325792DB-CB7A-4545-92A3-D2237A882248}.Debug|Any CPU.ActiveCfg = Debug|Any CPU
		{325792DB-CB7A-4545-92A3-D2237A882248}.Debug|Any CPU.Build.0 = Debug|Any CPU
		{325792DB-CB7A-4545-92A3-D2237A882248}.Debug-Remote|Any CPU.ActiveCfg = Debug-Remote|Any CPU
		{325792DB-CB7A-4545-92A3-D2237A882248}.Debug-Remote|Any CPU.Build.0 = Debug-Remote|Any CPU
		{325792DB-CB7A-4545-92A3-D2237A882248}.Debug-Remote|Any CPU.Deploy.0 = Debug-Remote|Any CPU
		{325792DB-CB7A-4545-92A3-D2237A882248}.Release|Any CPU.ActiveCfg = Release|Any CPU
		{325792DB-CB7A-4545-92A3-D2237A882248}.Release|Any CPU.Build.0 = Release|Any CPU
		{325792DB-CB7A-4545-92A3-D2237A882248}.Release|Any CPU.Deploy.0 = Release|Any CPU
		{CDD9A522-67E1-4D25-A337-000986F4D81B}.Debug|Any CPU.ActiveCfg = Debug|Any CPU
		{CDD9A522-67E1-4D25-A337-000986F4D81B}.Debug|Any CPU.Build.0 = Debug|Any CPU
		{CDD9A522-67E1-4D25-A337-000986F4D81B}.Debug-Remote|Any CPU.ActiveCfg = Debug-Remote|Any CPU
		{CDD9A522-67E1-4D25-A337-000986F4D81B}.Debug-Remote|Any CPU.Build.0 = Debug-Remote|Any CPU
		{CDD9A522-67E1-4D25-A337-000986F4D81B}.Release|Any CPU.ActiveCfg = Release|Any CPU
		{CDD9A522-67E1-4D25-A337-000986F4D81B}.Release|Any CPU.Build.0 = Release|Any CPU
		{9A2AC36E-A8AA-49C1-AABE-579FBE383E50}.Debug|Any CPU.ActiveCfg = Debug|Any CPU
		{9A2AC36E-A8AA-49C1-AABE-579FBE383E50}.Debug|Any CPU.Build.0 = Debug|Any CPU
		{9A2AC36E-A8AA-49C1-AABE-579FBE383E50}.Debug-Remote|Any CPU.ActiveCfg = Debug-Remote|Any CPU
		{9A2AC36E-A8AA-49C1-AABE-579FBE383E50}.Debug-Remote|Any CPU.Build.0 = Debug-Remote|Any CPU
		{9A2AC36E-A8AA-49C1-AABE-579FBE383E50}.Release|Any CPU.ActiveCfg = Release|Any CPU
		{9A2AC36E-A8AA-49C1-AABE-579FBE383E50}.Release|Any CPU.Build.0 = Release|Any CPU
	EndGlobalSection
	GlobalSection(SolutionProperties) = preSolution
		HideSolutionNode = FALSE
	EndGlobalSection
	GlobalSection(ExtensibilityGlobals) = postSolution
		SolutionGuid = {903DC45E-1508-4C87-8FC2-AF49A803610E}
	EndGlobalSection
EndGlobal
